// !$*UTF8*$!
{
	archiveVersion = 1;
	classes = {
	};
	objectVersion = 56;
	objects = {

/* Begin PBXBuildFile section */
		0BDF92042C1CE07C00060A67 /* Pace4YouApp.swift in Sources */ = {isa = PBXBuildFile; fileRef = 0BDF92032C1CE07C00060A67 /* Pace4YouApp.swift */; };
		0BDF92062C1CE07C00060A67 /* ContentView.swift in Sources */ = {isa = PBXBuildFile; fileRef = 0BDF92052C1CE07C00060A67 /* ContentView.swift */; };
		0BDF92082C1CE07E00060A67 /* Assets.xcassets in Resources */ = {isa = PBXBuildFile; fileRef = 0BDF92072C1CE07E00060A67 /* Assets.xcassets */; };
		0BDF920B2C1CE07E00060A67 /* Preview Assets.xcassets in Resources */ = {isa = PBXBuildFile; fileRef = 0BDF920A2C1CE07E00060A67 /* Preview Assets.xcassets */; };
		0BDF92172C1CE1E000060A67 /* Models.swift in Sources */ = {isa = PBXBuildFile; fileRef = 0BDF92162C1CE1E000060A67 /* Models.swift */; };
		0BDF92192C1CE28400060A67 /* Services.swift in Sources */ = {isa = PBXBuildFile; fileRef = 0BDF92182C1CE28400060A67 /* Services.swift */; };
		0BDF921B2C1CE2FF00060A67 /* ViewModel.swift in Sources */ = {isa = PBXBuildFile; fileRef = 0BDF921A2C1CE2FE00060A67 /* ViewModel.swift */; };
/* End PBXBuildFile section */

/* Begin PBXFileReference section */
		0BDF92002C1CE07C00060A67 /* Pace4You.app */ = {isa = PBXFileReference; explicitFileType = wrapper.application; includeInIndex = 0; path = Pace4You.app; sourceTree = BUILT_PRODUCTS_DIR; };
		0BDF92032C1CE07C00060A67 /* Pace4YouApp.swift */ = {isa = PBXFileReference; lastKnownFileType = sourcecode.swift; path = Pace4YouApp.swift; sourceTree = "<group>"; };
		0BDF92052C1CE07C00060A67 /* ContentView.swift */ = {isa = PBXFileReference; lastKnownFileType = sourcecode.swift; path = ContentView.swift; sourceTree = "<group>"; };
		0BDF92072C1CE07E00060A67 /* Assets.xcassets */ = {isa = PBXFileReference; lastKnownFileType = folder.assetcatalog; path = Assets.xcassets; sourceTree = "<group>"; };
		0BDF920A2C1CE07E00060A67 /* Preview Assets.xcassets */ = {isa = PBXFileReference; lastKnownFileType = folder.assetcatalog; path = "Preview Assets.xcassets"; sourceTree = "<group>"; };
		0BDF92162C1CE1E000060A67 /* Models.swift */ = {isa = PBXFileReference; lastKnownFileType = sourcecode.swift; path = Models.swift; sourceTree = "<group>"; };
		0BDF92182C1CE28400060A67 /* Services.swift */ = {isa = PBXFileReference; lastKnownFileType = sourcecode.swift; path = Services.swift; sourceTree = "<group>"; };
		0BDF921A2C1CE2FE00060A67 /* ViewModel.swift */ = {isa = PBXFileReference; lastKnownFileType = sourcecode.swift; path = ViewModel.swift; sourceTree = "<group>"; };
/* End PBXFileReference section */

/* Begin PBXFrameworksBuildPhase section */
		0BDF91FD2C1CE07C00060A67 /* Frameworks */ = {
			isa = PBXFrameworksBuildPhase;
			buildActionMask = 2147483647;
			files = (
			);
			runOnlyForDeploymentPostprocessing = 0;
		};
/* End PBXFrameworksBuildPhase section */

/* Begin PBXGroup section */
		0BDF91F72C1CE07C00060A67 = {
			isa = PBXGroup;
			children = (
				0BDF92022C1CE07C00060A67 /* Pace4You */,
				0BDF92012C1CE07C00060A67 /* Products */,
			);
			sourceTree = "<group>";
		};
		0BDF92012C1CE07C00060A67 /* Products */ = {
			isa = PBXGroup;
			children = (
				0BDF92002C1CE07C00060A67 /* Pace4You.app */,
			);
			name = Products;
			sourceTree = "<group>";
		};
		0BDF92022C1CE07C00060A67 /* Pace4You */ = {
			isa = PBXGroup;
			children = (
				0BDF92152C1CE1BF00060A67 /* Utils */,
				0BDF92142C1CE1A100060A67 /* Services */,
				0BDF92132C1CE17C00060A67 /* ViewModels */,
				0BDF92122C1CE0FA00060A67 /* Models */,
				0BDF92112C1CE0D700060A67 /* Views */,
				0BDF92032C1CE07C00060A67 /* Pace4YouApp.swift */,
				0BDF92052C1CE07C00060A67 /* ContentView.swift */,
				0BDF92072C1CE07E00060A67 /* Assets.xcassets */,
				0BDF92092C1CE07E00060A67 /* Preview Content */,
			);
			path = Pace4You;
			sourceTree = "<group>";
		};
		0BDF92092C1CE07E00060A67 /* Preview Content */ = {
			isa = PBXGroup;
			children = (
				0BDF920A2C1CE07E00060A67 /* Preview Assets.xcassets */,
			);
			path = "Preview Content";
			sourceTree = "<group>";
		};
		0BDF92112C1CE0D700060A67 /* Views */ = {
			isa = PBXGroup;
			children = (
			);
			path = Views;
			sourceTree = "<group>";
		};
		0BDF92122C1CE0FA00060A67 /* Models */ = {
			isa = PBXGroup;
			children = (
				0BDF92162C1CE1E000060A67 /* Models.swift */,
			);
			path = Models;
			sourceTree = "<group>";
		};
		0BDF92132C1CE17C00060A67 /* ViewModels */ = {
			isa = PBXGroup;
			children = (
				0BDF921A2C1CE2FE00060A67 /* ViewModel.swift */,
			);
			path = ViewModels;
			sourceTree = "<group>";
		};
		0BDF92142C1CE1A100060A67 /* Services */ = {
			isa = PBXGroup;
			children = (
				0BDF92182C1CE28400060A67 /* Services.swift */,
			);
			path = Services;
			sourceTree = "<group>";
		};
		0BDF92152C1CE1BF00060A67 /* Utils */ = {
			isa = PBXGroup;
			children = (
			);
			path = Utils;
			sourceTree = "<group>";
		};
/* End PBXGroup section */

/* Begin PBXNativeTarget section */
		0BDF91FF2C1CE07C00060A67 /* Pace4You */ = {
			isa = PBXNativeTarget;
			buildConfigurationList = 0BDF920E2C1CE07E00060A67 /* Build configuration list for PBXNativeTarget "Pace4You" */;
			buildPhases = (
				0BDF91FC2C1CE07C00060A67 /* Sources */,
				0BDF91FD2C1CE07C00060A67 /* Frameworks */,
				0BDF91FE2C1CE07C00060A67 /* Resources */,
			);
			buildRules = (
			);
			dependencies = (
			);
			name = Pace4You;
			productName = Pace4You;
			productReference = 0BDF92002C1CE07C00060A67 /* Pace4You.app */;
			productType = "com.apple.product-type.application";
		};
/* End PBXNativeTarget section */

/* Begin PBXProject section */
		0BDF91F82C1CE07C00060A67 /* Project object */ = {
			isa = PBXProject;
			attributes = {
				BuildIndependentTargetsInParallel = 1;
				LastSwiftUpdateCheck = 1530;
				LastUpgradeCheck = 1530;
				TargetAttributes = {
					0BDF91FF2C1CE07C00060A67 = {
						CreatedOnToolsVersion = 15.3;
					};
				};
			};
			buildConfigurationList = 0BDF91FB2C1CE07C00060A67 /* Build configuration list for PBXProject "Pace4You" */;
			compatibilityVersion = "Xcode 14.0";
			developmentRegion = en;
			hasScannedForEncodings = 0;
			knownRegions = (
				en,
				Base,
			);
			mainGroup = 0BDF91F72C1CE07C00060A67;
			productRefGroup = 0BDF92012C1CE07C00060A67 /* Products */;
			projectDirPath = "";
			projectRoot = "";
			targets = (
				0BDF91FF2C1CE07C00060A67 /* Pace4You */,
			);
		};
/* End PBXProject section */

/* Begin PBXResourcesBuildPhase section */
		0BDF91FE2C1CE07C00060A67 /* Resources */ = {
			isa = PBXResourcesBuildPhase;
			buildActionMask = 2147483647;
			files = (
				0BDF920B2C1CE07E00060A67 /* Preview Assets.xcassets in Resources */,
				0BDF92082C1CE07E00060A67 /* Assets.xcassets in Resources */,
			);
			runOnlyForDeploymentPostprocessing = 0;
		};
/* End PBXResourcesBuildPhase section */

/* Begin PBXSourcesBuildPhase section */
		0BDF91FC2C1CE07C00060A67 /* Sources */ = {
			isa = PBXSourcesBuildPhase;
			buildActionMask = 2147483647;
			files = (
				0BDF921B2C1CE2FF00060A67 /* ViewModel.swift in Sources */,
				0BDF92172C1CE1E000060A67 /* Models.swift in Sources */,
				0BDF92192C1CE28400060A67 /* Services.swift in Sources */,
				0BDF92062C1CE07C00060A67 /* ContentView.swift in Sources */,
				0BDF92042C1CE07C00060A67 /* Pace4YouApp.swift in Sources */,
			);
			runOnlyForDeploymentPostprocessing = 0;
		};
/* End PBXSourcesBuildPhase section */

/* Begin XCBuildConfiguration section */
		0BDF920C2C1CE07E00060A67 /* Debug */ = {
			isa = XCBuildConfiguration;
			buildSettings = {
				ALWAYS_SEARCH_USER_PATHS = NO;
				ASSETCATALOG_COMPILER_GENERATE_SWIFT_ASSET_SYMBOL_EXTENSIONS = YES;
				CLANG_ANALYZER_NONNULL = YES;
				CLANG_ANALYZER_NUMBER_OBJECT_CONVERSION = YES_AGGRESSIVE;
				CLANG_CXX_LANGUAGE_STANDARD = "gnu++20";
				CLANG_ENABLE_MODULES = YES;
				CLANG_ENABLE_OBJC_ARC = YES;
				CLANG_ENABLE_OBJC_WEAK = YES;
				CLANG_WARN_BLOCK_CAPTURE_AUTORELEASING = YES;
				CLANG_WARN_BOOL_CONVERSION = YES;
				CLANG_WARN_COMMA = YES;
				CLANG_WARN_CONSTANT_CONVERSION = YES;
				CLANG_WARN_DEPRECATED_OBJC_IMPLEMENTATIONS = YES;
				CLANG_WARN_DIRECT_OBJC_ISA_USAGE = YES_ERROR;
				CLANG_WARN_DOCUMENTATION_COMMENTS = YES;
				CLANG_WARN_EMPTY_BODY = YES;
				CLANG_WARN_ENUM_CONVERSION = YES;
				CLANG_WARN_INFINITE_RECURSION = YES;
				CLANG_WARN_INT_CONVERSION = YES;
				CLANG_WARN_NON_LITERAL_NULL_CONVERSION = YES;
				CLANG_WARN_OBJC_IMPLICIT_RETAIN_SELF = YES;
				CLANG_WARN_OBJC_LITERAL_CONVERSION = YES;
				CLANG_WARN_OBJC_ROOT_CLASS = YES_ERROR;
				CLANG_WARN_QUOTED_INCLUDE_IN_FRAMEWORK_HEADER = YES;
				CLANG_WARN_RANGE_LOOP_ANALYSIS = YES;
				CLANG_WARN_STRICT_PROTOTYPES = YES;
				CLANG_WARN_SUSPICIOUS_MOVE = YES;
				CLANG_WARN_UNGUARDED_AVAILABILITY = YES_AGGRESSIVE;
				CLANG_WARN_UNREACHABLE_CODE = YES;
				CLANG_WARN__DUPLICATE_METHOD_MATCH = YES;
				COPY_PHASE_STRIP = NO;
				DEBUG_INFORMATION_FORMAT = dwarf;
				ENABLE_STRICT_OBJC_MSGSEND = YES;
				ENABLE_TESTABILITY = YES;
				ENABLE_USER_SCRIPT_SANDBOXING = YES;
				GCC_C_LANGUAGE_STANDARD = gnu17;
				GCC_DYNAMIC_NO_PIC = NO;
				GCC_NO_COMMON_BLOCKS = YES;
				GCC_OPTIMIZATION_LEVEL = 0;
				GCC_PREPROCESSOR_DEFINITIONS = (
					"DEBUG=1",
					"$(inherited)",
				);
				GCC_WARN_64_TO_32_BIT_CONVERSION = YES;
				GCC_WARN_ABOUT_RETURN_TYPE = YES_ERROR;
				GCC_WARN_UNDECLARED_SELECTOR = YES;
				GCC_WARN_UNINITIALIZED_AUTOS = YES_AGGRESSIVE;
				GCC_WARN_UNUSED_FUNCTION = YES;
				GCC_WARN_UNUSED_VARIABLE = YES;
				IPHONEOS_DEPLOYMENT_TARGET = 17.4;
				LOCALIZATION_PREFERS_STRING_CATALOGS = YES;
				MTL_ENABLE_DEBUG_INFO = INCLUDE_SOURCE;
				MTL_FAST_MATH = YES;
				ONLY_ACTIVE_ARCH = YES;
				SDKROOT = iphoneos;
				SWIFT_ACTIVE_COMPILATION_CONDITIONS = "DEBUG $(inherited)";
				SWIFT_OPTIMIZATION_LEVEL = "-Onone";
			};
			name = Debug;
		};
		0BDF920D2C1CE07E00060A67 /* Release */ = {
			isa = XCBuildConfiguration;
			buildSettings = {
				ALWAYS_SEARCH_USER_PATHS = NO;
				ASSETCATALOG_COMPILER_GENERATE_SWIFT_ASSET_SYMBOL_EXTENSIONS = YES;
				CLANG_ANALYZER_NONNULL = YES;
				CLANG_ANALYZER_NUMBER_OBJECT_CONVERSION = YES_AGGRESSIVE;
				CLANG_CXX_LANGUAGE_STANDARD = "gnu++20";
				CLANG_ENABLE_MODULES = YES;
				CLANG_ENABLE_OBJC_ARC = YES;
				CLANG_ENABLE_OBJC_WEAK = YES;
				CLANG_WARN_BLOCK_CAPTURE_AUTORELEASING = YES;
				CLANG_WARN_BOOL_CONVERSION = YES;
				CLANG_WARN_COMMA = YES;
				CLANG_WARN_CONSTANT_CONVERSION = YES;
				CLANG_WARN_DEPRECATED_OBJC_IMPLEMENTATIONS = YES;
				CLANG_WARN_DIRECT_OBJC_ISA_USAGE = YES_ERROR;
				CLANG_WARN_DOCUMENTATION_COMMENTS = YES;
				CLANG_WARN_EMPTY_BODY = YES;
				CLANG_WARN_ENUM_CONVERSION = YES;
				CLANG_WARN_INFINITE_RECURSION = YES;
				CLANG_WARN_INT_CONVERSION = YES;
				CLANG_WARN_NON_LITERAL_NULL_CONVERSION = YES;
				CLANG_WARN_OBJC_IMPLICIT_RETAIN_SELF = YES;
				CLANG_WARN_OBJC_LITERAL_CONVERSION = YES;
				CLANG_WARN_OBJC_ROOT_CLASS = YES_ERROR;
				CLANG_WARN_QUOTED_INCLUDE_IN_FRAMEWORK_HEADER = YES;
				CLANG_WARN_RANGE_LOOP_ANALYSIS = YES;
				CLANG_WARN_STRICT_PROTOTYPES = YES;
				CLANG_WARN_SUSPICIOUS_MOVE = YES;
				CLANG_WARN_UNGUARDED_AVAILABILITY = YES_AGGRESSIVE;
				CLANG_WARN_UNREACHABLE_CODE = YES;
				CLANG_WARN__DUPLICATE_METHOD_MATCH = YES;
				COPY_PHASE_STRIP = NO;
				DEBUG_INFORMATION_FORMAT = "dwarf-with-dsym";
				ENABLE_NS_ASSERTIONS = NO;
				ENABLE_STRICT_OBJC_MSGSEND = YES;
				ENABLE_USER_SCRIPT_SANDBOXING = YES;
				GCC_C_LANGUAGE_STANDARD = gnu17;
				GCC_NO_COMMON_BLOCKS = YES;
				GCC_WARN_64_TO_32_BIT_CONVERSION = YES;
				GCC_WARN_ABOUT_RETURN_TYPE = YES_ERROR;
				GCC_WARN_UNDECLARED_SELECTOR = YES;
				GCC_WARN_UNINITIALIZED_AUTOS = YES_AGGRESSIVE;
				GCC_WARN_UNUSED_FUNCTION = YES;
				GCC_WARN_UNUSED_VARIABLE = YES;
				IPHONEOS_DEPLOYMENT_TARGET = 17.4;
				LOCALIZATION_PREFERS_STRING_CATALOGS = YES;
				MTL_ENABLE_DEBUG_INFO = NO;
				MTL_FAST_MATH = YES;
				SDKROOT = iphoneos;
				SWIFT_COMPILATION_MODE = wholemodule;
				VALIDATE_PRODUCT = YES;
			};
			name = Release;
		};
		0BDF920F2C1CE07E00060A67 /* Debug */ = {
			isa = XCBuildConfiguration;
			buildSettings = {
				ASSETCATALOG_COMPILER_APPICON_NAME = AppIcon;
				ASSETCATALOG_COMPILER_GLOBAL_ACCENT_COLOR_NAME = AccentColor;
				CODE_SIGN_STYLE = Automatic;
				CURRENT_PROJECT_VERSION = 1;
				DEVELOPMENT_ASSET_PATHS = "\"Pace4You/Preview Content\"";
				DEVELOPMENT_TEAM = 972SSN6428;
				ENABLE_PREVIEWS = YES;
				GENERATE_INFOPLIST_FILE = YES;
				INFOPLIST_KEY_UIApplicationSceneManifest_Generation = YES;
				INFOPLIST_KEY_UIApplicationSupportsIndirectInputEvents = YES;
				INFOPLIST_KEY_UILaunchScreen_Generation = YES;
				INFOPLIST_KEY_UISupportedInterfaceOrientations_iPad = "UIInterfaceOrientationPortrait UIInterfaceOrientationPortraitUpsideDown UIInterfaceOrientationLandscapeLeft UIInterfaceOrientationLandscapeRight";
				INFOPLIST_KEY_UISupportedInterfaceOrientations_iPhone = "UIInterfaceOrientationPortrait UIInterfaceOrientationLandscapeLeft UIInterfaceOrientationLandscapeRight";
				LD_RUNPATH_SEARCH_PATHS = (
					"$(inherited)",
					"@executable_path/Frameworks",
				);
				MARKETING_VERSION = 1.0;
				PRODUCT_BUNDLE_IDENTIFIER = com.marceloamaral.Pace4You;
				PRODUCT_NAME = "$(TARGET_NAME)";
				SWIFT_EMIT_LOC_STRINGS = YES;
				SWIFT_VERSION = 5.0;
				TARGETED_DEVICE_FAMILY = "1,2";
			};
			name = Debug;
		};
		0BDF92102C1CE07E00060A67 /* Release */ = {
			isa = XCBuildConfiguration;
			buildSettings = {
				ASSETCATALOG_COMPILER_APPICON_NAME = AppIcon;
				ASSETCATALOG_COMPILER_GLOBAL_ACCENT_COLOR_NAME = AccentColor;
				CODE_SIGN_STYLE = Automatic;
				CURRENT_PROJECT_VERSION = 1;
				DEVELOPMENT_ASSET_PATHS = "\"Pace4You/Preview Content\"";
				DEVELOPMENT_TEAM = 972SSN6428;
				ENABLE_PREVIEWS = YES;
				GENERATE_INFOPLIST_FILE = YES;
				INFOPLIST_KEY_UIApplicationSceneManifest_Generation = YES;
				INFOPLIST_KEY_UIApplicationSupportsIndirectInputEvents = YES;
				INFOPLIST_KEY_UILaunchScreen_Generation = YES;
				INFOPLIST_KEY_UISupportedInterfaceOrientations_iPad = "UIInterfaceOrientationPortrait UIInterfaceOrientationPortraitUpsideDown UIInterfaceOrientationLandscapeLeft UIInterfaceOrientationLandscapeRight";
				INFOPLIST_KEY_UISupportedInterfaceOrientations_iPhone = "UIInterfaceOrientationPortrait UIInterfaceOrientationLandscapeLeft UIInterfaceOrientationLandscapeRight";
				LD_RUNPATH_SEARCH_PATHS = (
					"$(inherited)",
					"@executable_path/Frameworks",
				);
				MARKETING_VERSION = 1.0;
				PRODUCT_BUNDLE_IDENTIFIER = com.marceloamaral.Pace4You;
				PRODUCT_NAME = "$(TARGET_NAME)";
				SWIFT_EMIT_LOC_STRINGS = YES;
				SWIFT_VERSION = 5.0;
				TARGETED_DEVICE_FAMILY = "1,2";
			};
			name = Release;
		};
/* End XCBuildConfiguration section */

/* Begin XCConfigurationList section */
		0BDF91FB2C1CE07C00060A67 /* Build configuration list for PBXProject "Pace4You" */ = {
			isa = XCConfigurationList;
			buildConfigurations = (
				0BDF920C2C1CE07E00060A67 /* Debug */,
				0BDF920D2C1CE07E00060A67 /* Release */,
			);
			defaultConfigurationIsVisible = 0;
			defaultConfigurationName = Release;
		};
		0BDF920E2C1CE07E00060A67 /* Build configuration list for PBXNativeTarget "Pace4You" */ = {
			isa = XCConfigurationList;
			buildConfigurations = (
				0BDF920F2C1CE07E00060A67 /* Debug */,
				0BDF92102C1CE07E00060A67 /* Release */,
			);
			defaultConfigurationIsVisible = 0;
			defaultConfigurationName = Release;
		};
/* End XCConfigurationList section */
	};
	rootObject = 0BDF91F82C1CE07C00060A67 /* Project object */;
}
